
Microsoft Visual Studio Solution File, Format Version 12.00
# Visual Studio Version 17
VisualStudioVersion = 17.5.33103.201
MinimumVisualStudioVersion = 10.0.40219.1
Project("{FAE04EC0-301F-11D3-BF4B-00C04F79EFBC}") = "WindowsFormsApp1", "WindowsFormsApp1\WindowsFormsApp1.csproj", "{C839201C-F9FB-48AA-9368-97B875D5C8C0}"
EndProject
Project("{2150E333-8FDC-42A3-9474-1A3956D46DE8}") = "Solution Items", "Solution Items", "{62492A0A-E78B-4E9F-BBD2-F53901568C83}"
	ProjectSection(SolutionItems) = preProject
		TextFile1.txt = TextFile1.txt
		TextFile2.txt = TextFile2.txt
	EndProjectSection
EndProject
Global
	GlobalSection(SolutionConfigurationPlatforms) = preSolution
		Debug|Any CPU = Debug|Any CPU
		Release|Any CPU = Release|Any CPU
	EndGlobalSection
	GlobalSection(ProjectConfigurationPlatforms) = postSolution
		{C839201C-F9FB-48AA-9368-97B875D5C8C0}.Debug|Any CPU.ActiveCfg = Debug|Any CPU
		{C839201C-F9FB-48AA-9368-97B875D5C8C0}.Debug|Any CPU.Build.0 = Debug|Any CPU
		{C839201C-F9FB-48AA-9368-97B875D5C8C0}.Release|Any CPU.ActiveCfg = Release|Any CPU
		{C839201C-F9FB-48AA-9368-97B875D5C8C0}.Release|Any CPU.Build.0 = Release|Any CPU
	EndGlobalSection
	GlobalSection(SolutionProperties) = preSolution
		HideSolutionNode = FALSE
	EndGlobalSection
	GlobalSection(ExtensibilityGlobals) = postSolution
		SolutionGuid = {91B2945C-28DC-4CC9-99E6-9280FBCA72C7}
	EndGlobalSection
EndGlobal
